
Microsoft Visual Studio Solution File, Format Version 12.00
# Visual Studio 15
VisualStudioVersion = 15.0.27428.2002
MinimumVisualStudioVersion = 10.0.40219.1
Project("{9A19103F-16F7-4668-BE54-9A1E7A4F7556}") = "BurnForMoney.Functions", "BurnForMoney.Functions\BurnForMoney.Functions.csproj", "{B58D8685-89D8-4977-97C5-B54E8A42544A}"
EndProject
Project("{151D2E53-A2C4-4D7D-83FE-D05416EBD58E}") = "BurnForMoney.ResourceGroup", "ResourceGroup\BurnForMoney.ResourceGroup.deployproj", "{8B63AEEF-BEB9-4E06-9B85-31B1F5AAB749}"
EndProject
Project("{9A19103F-16F7-4668-BE54-9A1E7A4F7556}") = "BurnForMoney.Functions.Strava", "BurnForMoney.Functions.Strava\BurnForMoney.Functions.Strava.csproj", "{AC127353-BD6C-4322-B456-E17652594892}"
EndProject
Project("{9A19103F-16F7-4668-BE54-9A1E7A4F7556}") = "BurnForMoney.Functions.Shared", "BurnForMoney.Functions.Shared\BurnForMoney.Functions.Shared.csproj", "{CBD8EC2D-BBEF-45FA-BAC1-0348E86501CF}"
EndProject
Project("{9A19103F-16F7-4668-BE54-9A1E7A4F7556}") = "BurnForMoney.Functions.PublicApi", "BurnForMoney.Functions.PublicApi\BurnForMoney.Functions.PublicApi.csproj", "{E6354980-45FB-43B5-8A66-ABAC7E0DA242}"
EndProject
Project("{FAE04EC0-301F-11D3-BF4B-00C04F79EFBC}") = "BurnForMoney.Functions.Manual", "BurnForMoney.Functions.Manual\BurnForMoney.Functions.Manual.csproj", "{53E4412E-3B79-4CE2-8B4F-0ECF02B59557}"
EndProject
Global
	GlobalSection(SolutionConfigurationPlatforms) = preSolution
		Debug|Any CPU = Debug|Any CPU
		Release|Any CPU = Release|Any CPU
	EndGlobalSection
	GlobalSection(ProjectConfigurationPlatforms) = postSolution
		{B58D8685-89D8-4977-97C5-B54E8A42544A}.Debug|Any CPU.ActiveCfg = Debug|Any CPU
		{B58D8685-89D8-4977-97C5-B54E8A42544A}.Debug|Any CPU.Build.0 = Debug|Any CPU
		{B58D8685-89D8-4977-97C5-B54E8A42544A}.Release|Any CPU.ActiveCfg = Release|Any CPU
		{B58D8685-89D8-4977-97C5-B54E8A42544A}.Release|Any CPU.Build.0 = Release|Any CPU
		{8B63AEEF-BEB9-4E06-9B85-31B1F5AAB749}.Debug|Any CPU.ActiveCfg = Debug|Any CPU
		{8B63AEEF-BEB9-4E06-9B85-31B1F5AAB749}.Debug|Any CPU.Build.0 = Debug|Any CPU
		{8B63AEEF-BEB9-4E06-9B85-31B1F5AAB749}.Release|Any CPU.ActiveCfg = Release|Any CPU
		{8B63AEEF-BEB9-4E06-9B85-31B1F5AAB749}.Release|Any CPU.Build.0 = Release|Any CPU
		{AC127353-BD6C-4322-B456-E17652594892}.Debug|Any CPU.ActiveCfg = Debug|Any CPU
		{AC127353-BD6C-4322-B456-E17652594892}.Debug|Any CPU.Build.0 = Debug|Any CPU
		{AC127353-BD6C-4322-B456-E17652594892}.Release|Any CPU.ActiveCfg = Release|Any CPU
		{AC127353-BD6C-4322-B456-E17652594892}.Release|Any CPU.Build.0 = Release|Any CPU
		{CBD8EC2D-BBEF-45FA-BAC1-0348E86501CF}.Debug|Any CPU.ActiveCfg = Debug|Any CPU
		{CBD8EC2D-BBEF-45FA-BAC1-0348E86501CF}.Debug|Any CPU.Build.0 = Debug|Any CPU
		{CBD8EC2D-BBEF-45FA-BAC1-0348E86501CF}.Release|Any CPU.ActiveCfg = Release|Any CPU
		{CBD8EC2D-BBEF-45FA-BAC1-0348E86501CF}.Release|Any CPU.Build.0 = Release|Any CPU
		{E6354980-45FB-43B5-8A66-ABAC7E0DA242}.Debug|Any CPU.ActiveCfg = Debug|Any CPU
		{E6354980-45FB-43B5-8A66-ABAC7E0DA242}.Debug|Any CPU.Build.0 = Debug|Any CPU
		{E6354980-45FB-43B5-8A66-ABAC7E0DA242}.Release|Any CPU.ActiveCfg = Release|Any CPU
		{E6354980-45FB-43B5-8A66-ABAC7E0DA242}.Release|Any CPU.Build.0 = Release|Any CPU
		{53E4412E-3B79-4CE2-8B4F-0ECF02B59557}.Debug|Any CPU.ActiveCfg = Debug|Any CPU
		{53E4412E-3B79-4CE2-8B4F-0ECF02B59557}.Debug|Any CPU.Build.0 = Debug|Any CPU
		{53E4412E-3B79-4CE2-8B4F-0ECF02B59557}.Release|Any CPU.ActiveCfg = Release|Any CPU
		{53E4412E-3B79-4CE2-8B4F-0ECF02B59557}.Release|Any CPU.Build.0 = Release|Any CPU
	EndGlobalSection
	GlobalSection(SolutionProperties) = preSolution
		HideSolutionNode = FALSE
	EndGlobalSection
	GlobalSection(ExtensibilityGlobals) = postSolution
		SolutionGuid = {B541DB8A-FD37-4F72-86E1-5628D28CE7E8}
	EndGlobalSection
EndGlobal
